// !$*UTF8*$!
{
	archiveVersion = 1;
	classes = {
	};
	objectVersion = 50;
	objects = {

/* Begin PBXBuildFile section */
		F4AB056C241B8ACA00FADC99 /* AppDelegate.swift in Sources */ = {isa = PBXBuildFile; fileRef = F4AB056B241B8ACA00FADC99 /* AppDelegate.swift */; };
		F4AB056E241B8ACA00FADC99 /* SceneDelegate.swift in Sources */ = {isa = PBXBuildFile; fileRef = F4AB056D241B8ACA00FADC99 /* SceneDelegate.swift */; };
		F4AB0570241B8ACA00FADC99 /* ViewController.swift in Sources */ = {isa = PBXBuildFile; fileRef = F4AB056F241B8ACA00FADC99 /* ViewController.swift */; };
		F4AB0573241B8ACA00FADC99 /* Main.storyboard in Resources */ = {isa = PBXBuildFile; fileRef = F4AB0571241B8ACA00FADC99 /* Main.storyboard */; };
		F4AB0575241B8ACB00FADC99 /* Assets.xcassets in Resources */ = {isa = PBXBuildFile; fileRef = F4AB0574241B8ACB00FADC99 /* Assets.xcassets */; };
		F4AB0578241B8ACB00FADC99 /* LaunchScreen.storyboard in Resources */ = {isa = PBXBuildFile; fileRef = F4AB0576241B8ACB00FADC99 /* LaunchScreen.storyboard */; };
		F4AB0583241B8ACC00FADC99 /* I_Am_PoorTests.swift in Sources */ = {isa = PBXBuildFile; fileRef = F4AB0582241B8ACC00FADC99 /* I_Am_PoorTests.swift */; };
		F4AB058E241B8ACC00FADC99 /* I_Am_PoorUITests.swift in Sources */ = {isa = PBXBuildFile; fileRef = F4AB058D241B8ACC00FADC99 /* I_Am_PoorUITests.swift */; };
/* End PBXBuildFile section */

/* Begin PBXContainerItemProxy section */
		F4AB057F241B8ACC00FADC99 /* PBXContainerItemProxy */ = {
			isa = PBXContainerItemProxy;
			containerPortal = F4AB0560241B8ACA00FADC99 /* Project object */;
			proxyType = 1;
			remoteGlobalIDString = F4AB0567241B8ACA00FADC99;
			remoteInfo = "I Am Poor";
		};
		F4AB058A241B8ACC00FADC99 /* PBXContainerItemProxy */ = {
			isa = PBXContainerItemProxy;
			containerPortal = F4AB0560241B8ACA00FADC99 /* Project object */;
			proxyType = 1;
			remoteGlobalIDString = F4AB0567241B8ACA00FADC99;
			remoteInfo = "I Am Poor";
		};
/* End PBXContainerItemProxy section */

/* Begin PBXFileReference section */
		F4AB0568241B8ACA00FADC99 /* I Am Poor.app */ = {isa = PBXFileReference; explicitFileType = wrapper.application; includeInIndex = 0; path = "I Am Poor.app"; sourceTree = BUILT_PRODUCTS_DIR; };
		F4AB056B241B8ACA00FADC99 /* AppDelegate.swift */ = {isa = PBXFileReference; lastKnownFileType = sourcecode.swift; path = AppDelegate.swift; sourceTree = "<group>"; };
		F4AB056D241B8ACA00FADC99 /* SceneDelegate.swift */ = {isa = PBXFileReference; lastKnownFileType = sourcecode.swift; path = SceneDelegate.swift; sourceTree = "<group>"; };
		F4AB056F241B8ACA00FADC99 /* ViewController.swift */ = {isa = PBXFileReference; lastKnownFileType = sourcecode.swift; path = ViewController.swift; sourceTree = "<group>"; };
		F4AB0572241B8ACA00FADC99 /* Base */ = {isa = PBXFileReference; lastKnownFileType = file.storyboard; name = Base; path = Base.lproj/Main.storyboard; sourceTree = "<group>"; };
		F4AB0574241B8ACB00FADC99 /* Assets.xcassets */ = {isa = PBXFileReference; lastKnownFileType = folder.assetcatalog; path = Assets.xcassets; sourceTree = "<group>"; };
		F4AB0577241B8ACB00FADC99 /* Base */ = {isa = PBXFileReference; lastKnownFileType = file.storyboard; name = Base; path = Base.lproj/LaunchScreen.storyboard; sourceTree = "<group>"; };
		F4AB0579241B8ACC00FADC99 /* Info.plist */ = {isa = PBXFileReference; lastKnownFileType = text.plist.xml; path = Info.plist; sourceTree = "<group>"; };
		F4AB057E241B8ACC00FADC99 /* I Am PoorTests.xctest */ = {isa = PBXFileReference; explicitFileType = wrapper.cfbundle; includeInIndex = 0; path = "I Am PoorTests.xctest"; sourceTree = BUILT_PRODUCTS_DIR; };
		F4AB0582241B8ACC00FADC99 /* I_Am_PoorTests.swift */ = {isa = PBXFileReference; lastKnownFileType = sourcecode.swift; path = I_Am_PoorTests.swift; sourceTree = "<group>"; };
		F4AB0584241B8ACC00FADC99 /* Info.plist */ = {isa = PBXFileReference; lastKnownFileType = text.plist.xml; path = Info.plist; sourceTree = "<group>"; };
		F4AB0589241B8ACC00FADC99 /* I Am PoorUITests.xctest */ = {isa = PBXFileReference; explicitFileType = wrapper.cfbundle; includeInIndex = 0; path = "I Am PoorUITests.xctest"; sourceTree = BUILT_PRODUCTS_DIR; };
		F4AB058D241B8ACC00FADC99 /* I_Am_PoorUITests.swift */ = {isa = PBXFileReference; lastKnownFileType = sourcecode.swift; path = I_Am_PoorUITests.swift; sourceTree = "<group>"; };
		F4AB058F241B8ACC00FADC99 /* Info.plist */ = {isa = PBXFileReference; lastKnownFileType = text.plist.xml; path = Info.plist; sourceTree = "<group>"; };
/* End PBXFileReference section */

/* Begin PBXFrameworksBuildPhase section */
		F4AB0565241B8ACA00FADC99 /* Frameworks */ = {
			isa = PBXFrameworksBuildPhase;
			buildActionMask = 2147483647;
			files = (
			);
			runOnlyForDeploymentPostprocessing = 0;
		};
		F4AB057B241B8ACC00FADC99 /* Frameworks */ = {
			isa = PBXFrameworksBuildPhase;
			buildActionMask = 2147483647;
			files = (
			);
			runOnlyForDeploymentPostprocessing = 0;
		};
		F4AB0586241B8ACC00FADC99 /* Frameworks */ = {
			isa = PBXFrameworksBuildPhase;
			buildActionMask = 2147483647;
			files = (
			);
			runOnlyForDeploymentPostprocessing = 0;
		};
/* End PBXFrameworksBuildPhase section */

/* Begin PBXGroup section */
		F4AB055F241B8ACA00FADC99 = {
			isa = PBXGroup;
			children = (
				F4AB056A241B8ACA00FADC99 /* I Am Poor */,
				F4AB0581241B8ACC00FADC99 /* I Am PoorTests */,
				F4AB058C241B8ACC00FADC99 /* I Am PoorUITests */,
				F4AB0569241B8ACA00FADC99 /* Products */,
			);
			sourceTree = "<group>";
		};
		F4AB0569241B8ACA00FADC99 /* Products */ = {
			isa = PBXGroup;
			children = (
				F4AB0568241B8ACA00FADC99 /* I Am Poor.app */,
				F4AB057E241B8ACC00FADC99 /* I Am PoorTests.xctest */,
				F4AB0589241B8ACC00FADC99 /* I Am PoorUITests.xctest */,
			);
			name = Products;
			sourceTree = "<group>";
		};
		F4AB056A241B8ACA00FADC99 /* I Am Poor */ = {
			isa = PBXGroup;
			children = (
				F4AB056B241B8ACA00FADC99 /* AppDelegate.swift */,
				F4AB056D241B8ACA00FADC99 /* SceneDelegate.swift */,
				F4AB056F241B8ACA00FADC99 /* ViewController.swift */,
				F4AB0571241B8ACA00FADC99 /* Main.storyboard */,
				F4AB0574241B8ACB00FADC99 /* Assets.xcassets */,
				F4AB0576241B8ACB00FADC99 /* LaunchScreen.storyboard */,
				F4AB0579241B8ACC00FADC99 /* Info.plist */,
			);
			path = "I Am Poor";
			sourceTree = "<group>";
		};
		F4AB0581241B8ACC00FADC99 /* I Am PoorTests */ = {
			isa = PBXGroup;
			children = (
				F4AB0582241B8ACC00FADC99 /* I_Am_PoorTests.swift */,
				F4AB0584241B8ACC00FADC99 /* Info.plist */,
			);
			path = "I Am PoorTests";
			sourceTree = "<group>";
		};
		F4AB058C241B8ACC00FADC99 /* I Am PoorUITests */ = {
			isa = PBXGroup;
			children = (
				F4AB058D241B8ACC00FADC99 /* I_Am_PoorUITests.swift */,
				F4AB058F241B8ACC00FADC99 /* Info.plist */,
			);
			path = "I Am PoorUITests";
			sourceTree = "<group>";
		};
/* End PBXGroup section */

/* Begin PBXNativeTarget section */
		F4AB0567241B8ACA00FADC99 /* I Am Poor */ = {
			isa = PBXNativeTarget;
			buildConfigurationList = F4AB0592241B8ACC00FADC99 /* Build configuration list for PBXNativeTarget "I Am Poor" */;
			buildPhases = (
				F4AB0564241B8ACA00FADC99 /* Sources */,
				F4AB0565241B8ACA00FADC99 /* Frameworks */,
				F4AB0566241B8ACA00FADC99 /* Resources */,
			);
			buildRules = (
			);
			dependencies = (
			);
			name = "I Am Poor";
			productName = "I Am Poor";
			productReference = F4AB0568241B8ACA00FADC99 /* I Am Poor.app */;
			productType = "com.apple.product-type.application";
		};
		F4AB057D241B8ACC00FADC99 /* I Am PoorTests */ = {
			isa = PBXNativeTarget;
			buildConfigurationList = F4AB0595241B8ACC00FADC99 /* Build configuration list for PBXNativeTarget "I Am PoorTests" */;
			buildPhases = (
				F4AB057A241B8ACC00FADC99 /* Sources */,
				F4AB057B241B8ACC00FADC99 /* Frameworks */,
				F4AB057C241B8ACC00FADC99 /* Resources */,
			);
			buildRules = (
			);
			dependencies = (
				F4AB0580241B8ACC00FADC99 /* PBXTargetDependency */,
			);
			name = "I Am PoorTests";
			productName = "I Am PoorTests";
			productReference = F4AB057E241B8ACC00FADC99 /* I Am PoorTests.xctest */;
			productType = "com.apple.product-type.bundle.unit-test";
		};
		F4AB0588241B8ACC00FADC99 /* I Am PoorUITests */ = {
			isa = PBXNativeTarget;
			buildConfigurationList = F4AB0598241B8ACC00FADC99 /* Build configuration list for PBXNativeTarget "I Am PoorUITests" */;
			buildPhases = (
				F4AB0585241B8ACC00FADC99 /* Sources */,
				F4AB0586241B8ACC00FADC99 /* Frameworks */,
				F4AB0587241B8ACC00FADC99 /* Resources */,
			);
			buildRules = (
			);
			dependencies = (
				F4AB058B241B8ACC00FADC99 /* PBXTargetDependency */,
			);
			name = "I Am PoorUITests";
			productName = "I Am PoorUITests";
			productReference = F4AB0589241B8ACC00FADC99 /* I Am PoorUITests.xctest */;
			productType = "com.apple.product-type.bundle.ui-testing";
		};
/* End PBXNativeTarget section */

/* Begin PBXProject section */
		F4AB0560241B8ACA00FADC99 /* Project object */ = {
			isa = PBXProject;
			attributes = {
				LastSwiftUpdateCheck = 1130;
				LastUpgradeCheck = 1130;
				ORGANIZATIONNAME = Cloudis;
				TargetAttributes = {
					F4AB0567241B8ACA00FADC99 = {
						CreatedOnToolsVersion = 11.3.1;
					};
					F4AB057D241B8ACC00FADC99 = {
						CreatedOnToolsVersion = 11.3.1;
						TestTargetID = F4AB0567241B8ACA00FADC99;
					};
					F4AB0588241B8ACC00FADC99 = {
						CreatedOnToolsVersion = 11.3.1;
						TestTargetID = F4AB0567241B8ACA00FADC99;
					};
				};
			};
			buildConfigurationList = F4AB0563241B8ACA00FADC99 /* Build configuration list for PBXProject "I Am Poor" */;
			compatibilityVersion = "Xcode 9.3";
			developmentRegion = en;
			hasScannedForEncodings = 0;
			knownRegions = (
				en,
				Base,
			);
			mainGroup = F4AB055F241B8ACA00FADC99;
			productRefGroup = F4AB0569241B8ACA00FADC99 /* Products */;
			projectDirPath = "";
			projectRoot = "";
			targets = (
				F4AB0567241B8ACA00FADC99 /* I Am Poor */,
				F4AB057D241B8ACC00FADC99 /* I Am PoorTests */,
				F4AB0588241B8ACC00FADC99 /* I Am PoorUITests */,
			);
		};
/* End PBXProject section */

/* Begin PBXResourcesBuildPhase section */
		F4AB0566241B8ACA00FADC99 /* Resources */ = {
			isa = PBXResourcesBuildPhase;
			buildActionMask = 2147483647;
			files = (
				F4AB0578241B8ACB00FADC99 /* LaunchScreen.storyboard in Resources */,
				F4AB0575241B8ACB00FADC99 /* Assets.xcassets in Resources */,
				F4AB0573241B8ACA00FADC99 /* Main.storyboard in Resources */,
			);
			runOnlyForDeploymentPostprocessing = 0;
		};
		F4AB057C241B8ACC00FADC99 /* Resources */ = {
			isa = PBXResourcesBuildPhase;
			buildActionMask = 2147483647;
			files = (
			);
			runOnlyForDeploymentPostprocessing = 0;
		};
		F4AB0587241B8ACC00FADC99 /* Resources */ = {
			isa = PBXResourcesBuildPhase;
			buildActionMask = 2147483647;
			files = (
			);
			runOnlyForDeploymentPostprocessing = 0;
		};
/* End PBXResourcesBuildPhase section */

/* Begin PBXSourcesBuildPhase section */
		F4AB0564241B8ACA00FADC99 /* Sources */ = {
			isa = PBXSourcesBuildPhase;
			buildActionMask = 2147483647;
			files = (
				F4AB0570241B8ACA00FADC99 /* ViewController.swift in Sources */,
				F4AB056C241B8ACA00FADC99 /* AppDelegate.swift in Sources */,
				F4AB056E241B8ACA00FADC99 /* SceneDelegate.swift in Sources */,
			);
			runOnlyForDeploymentPostprocessing = 0;
		};
		F4AB057A241B8ACC00FADC99 /* Sources */ = {
			isa = PBXSourcesBuildPhase;
			buildActionMask = 2147483647;
			files = (
				F4AB0583241B8ACC00FADC99 /* I_Am_PoorTests.swift in Sources */,
			);
			runOnlyForDeploymentPostprocessing = 0;
		};
		F4AB0585241B8ACC00FADC99 /* Sources */ = {
			isa = PBXSourcesBuildPhase;
			buildActionMask = 2147483647;
			files = (
				F4AB058E241B8ACC00FADC99 /* I_Am_PoorUITests.swift in Sources */,
			);
			runOnlyForDeploymentPostprocessing = 0;
		};
/* End PBXSourcesBuildPhase section */

/* Begin PBXTargetDependency section */
		F4AB0580241B8ACC00FADC99 /* PBXTargetDependency */ = {
			isa = PBXTargetDependency;
			target = F4AB0567241B8ACA00FADC99 /* I Am Poor */;
			targetProxy = F4AB057F241B8ACC00FADC99 /* PBXContainerItemProxy */;
		};
		F4AB058B241B8ACC00FADC99 /* PBXTargetDependency */ = {
			isa = PBXTargetDependency;
			target = F4AB0567241B8ACA00FADC99 /* I Am Poor */;
			targetProxy = F4AB058A241B8ACC00FADC99 /* PBXContainerItemProxy */;
		};
/* End PBXTargetDependency section */

/* Begin PBXVariantGroup section */
		F4AB0571241B8ACA00FADC99 /* Main.storyboard */ = {
			isa = PBXVariantGroup;
			children = (
				F4AB0572241B8ACA00FADC99 /* Base */,
			);
			name = Main.storyboard;
			sourceTree = "<group>";
		};
		F4AB0576241B8ACB00FADC99 /* LaunchScreen.storyboard */ = {
			isa = PBXVariantGroup;
			children = (
				F4AB0577241B8ACB00FADC99 /* Base */,
			);
			name = LaunchScreen.storyboard;
			sourceTree = "<group>";
		};
/* End PBXVariantGroup section */

/* Begin XCBuildConfiguration section */
		F4AB0590241B8ACC00FADC99 /* Debug */ = {
			isa = XCBuildConfiguration;
			buildSettings = {
				ALWAYS_SEARCH_USER_PATHS = NO;
				CLANG_ANALYZER_NONNULL = YES;
				CLANG_ANALYZER_NUMBER_OBJECT_CONVERSION = YES_AGGRESSIVE;
				CLANG_CXX_LANGUAGE_STANDARD = "gnu++14";
				CLANG_CXX_LIBRARY = "libc++";
				CLANG_ENABLE_MODULES = YES;
				CLANG_ENABLE_OBJC_ARC = YES;
				CLANG_ENABLE_OBJC_WEAK = YES;
				CLANG_WARN_BLOCK_CAPTURE_AUTORELEASING = YES;
				CLANG_WARN_BOOL_CONVERSION = YES;
				CLANG_WARN_COMMA = YES;
				CLANG_WARN_CONSTANT_CONVERSION = YES;
				CLANG_WARN_DEPRECATED_OBJC_IMPLEMENTATIONS = YES;
				CLANG_WARN_DIRECT_OBJC_ISA_USAGE = YES_ERROR;
				CLANG_WARN_DOCUMENTATION_COMMENTS = YES;
				CLANG_WARN_EMPTY_BODY = YES;
				CLANG_WARN_ENUM_CONVERSION = YES;
				CLANG_WARN_INFINITE_RECURSION = YES;
				CLANG_WARN_INT_CONVERSION = YES;
				CLANG_WARN_NON_LITERAL_NULL_CONVERSION = YES;
				CLANG_WARN_OBJC_IMPLICIT_RETAIN_SELF = YES;
				CLANG_WARN_OBJC_LITERAL_CONVERSION = YES;
				CLANG_WARN_OBJC_ROOT_CLASS = YES_ERROR;
				CLANG_WARN_RANGE_LOOP_ANALYSIS = YES;
				CLANG_WARN_STRICT_PROTOTYPES = YES;
				CLANG_WARN_SUSPICIOUS_MOVE = YES;
				CLANG_WARN_UNGUARDED_AVAILABILITY = YES_AGGRESSIVE;
				CLANG_WARN_UNREACHABLE_CODE = YES;
				CLANG_WARN__DUPLICATE_METHOD_MATCH = YES;
				COPY_PHASE_STRIP = NO;
				DEBUG_INFORMATION_FORMAT = dwarf;
				ENABLE_STRICT_OBJC_MSGSEND = YES;
				ENABLE_TESTABILITY = YES;
				GCC_C_LANGUAGE_STANDARD = gnu11;
				GCC_DYNAMIC_NO_PIC = NO;
				GCC_NO_COMMON_BLOCKS = YES;
				GCC_OPTIMIZATION_LEVEL = 0;
				GCC_PREPROCESSOR_DEFINITIONS = (
					"DEBUG=1",
					"$(inherited)",
				);
				GCC_WARN_64_TO_32_BIT_CONVERSION = YES;
				GCC_WARN_ABOUT_RETURN_TYPE = YES_ERROR;
				GCC_WARN_UNDECLARED_SELECTOR = YES;
				GCC_WARN_UNINITIALIZED_AUTOS = YES_AGGRESSIVE;
				GCC_WARN_UNUSED_FUNCTION = YES;
				GCC_WARN_UNUSED_VARIABLE = YES;
				IPHONEOS_DEPLOYMENT_TARGET = 13.2;
				MTL_ENABLE_DEBUG_INFO = INCLUDE_SOURCE;
				MTL_FAST_MATH = YES;
				ONLY_ACTIVE_ARCH = YES;
				SDKROOT = iphoneos;
				SWIFT_ACTIVE_COMPILATION_CONDITIONS = DEBUG;
				SWIFT_OPTIMIZATION_LEVEL = "-Onone";
			};
			name = Debug;
		};
		F4AB0591241B8ACC00FADC99 /* Release */ = {
			isa = XCBuildConfiguration;
			buildSettings = {
				ALWAYS_SEARCH_USER_PATHS = NO;
				CLANG_ANALYZER_NONNULL = YES;
				CLANG_ANALYZER_NUMBER_OBJECT_CONVERSION = YES_AGGRESSIVE;
				CLANG_CXX_LANGUAGE_STANDARD = "gnu++14";
				CLANG_CXX_LIBRARY = "libc++";
				CLANG_ENABLE_MODULES = YES;
				CLANG_ENABLE_OBJC_ARC = YES;
				CLANG_ENABLE_OBJC_WEAK = YES;
				CLANG_WARN_BLOCK_CAPTURE_AUTORELEASING = YES;
				CLANG_WARN_BOOL_CONVERSION = YES;
				CLANG_WARN_COMMA = YES;
				CLANG_WARN_CONSTANT_CONVERSION = YES;
				CLANG_WARN_DEPRECATED_OBJC_IMPLEMENTATIONS = YES;
				CLANG_WARN_DIRECT_OBJC_ISA_USAGE = YES_ERROR;
				CLANG_WARN_DOCUMENTATION_COMMENTS = YES;
				CLANG_WARN_EMPTY_BODY = YES;
				CLANG_WARN_ENUM_CONVERSION = YES;
				CLANG_WARN_INFINITE_RECURSION = YES;
				CLANG_WARN_INT_CONVERSION = YES;
				CLANG_WARN_NON_LITERAL_NULL_CONVERSION = YES;
				CLANG_WARN_OBJC_IMPLICIT_RETAIN_SELF = YES;
				CLANG_WARN_OBJC_LITERAL_CONVERSION = YES;
				CLANG_WARN_OBJC_ROOT_CLASS = YES_ERROR;
				CLANG_WARN_RANGE_LOOP_ANALYSIS = YES;
				CLANG_WARN_STRICT_PROTOTYPES = YES;
				CLANG_WARN_SUSPICIOUS_MOVE = YES;
				CLANG_WARN_UNGUARDED_AVAILABILITY = YES_AGGRESSIVE;
				CLANG_WARN_UNREACHABLE_CODE = YES;
				CLANG_WARN__DUPLICATE_METHOD_MATCH = YES;
				COPY_PHASE_STRIP = NO;
				DEBUG_INFORMATION_FORMAT = "dwarf-with-dsym";
				ENABLE_NS_ASSERTIONS = NO;
				ENABLE_STRICT_OBJC_MSGSEND = YES;
				GCC_C_LANGUAGE_STANDARD = gnu11;
				GCC_NO_COMMON_BLOCKS = YES;
				GCC_WARN_64_TO_32_BIT_CONVERSION = YES;
				GCC_WARN_ABOUT_RETURN_TYPE = YES_ERROR;
				GCC_WARN_UNDECLARED_SELECTOR = YES;
				GCC_WARN_UNINITIALIZED_AUTOS = YES_AGGRESSIVE;
				GCC_WARN_UNUSED_FUNCTION = YES;
				GCC_WARN_UNUSED_VARIABLE = YES;
				IPHONEOS_DEPLOYMENT_TARGET = 13.2;
				MTL_ENABLE_DEBUG_INFO = NO;
				MTL_FAST_MATH = YES;
				SDKROOT = iphoneos;
				SWIFT_COMPILATION_MODE = wholemodule;
				SWIFT_OPTIMIZATION_LEVEL = "-O";
				VALIDATE_PRODUCT = YES;
			};
			name = Release;
		};
		F4AB0593241B8ACC00FADC99 /* Debug */ = {
			isa = XCBuildConfiguration;
			buildSettings = {
				ASSETCATALOG_COMPILER_APPICON_NAME = AppIcon;
				CODE_SIGN_STYLE = Automatic;
				DEVELOPMENT_TEAM = Q3TXTB8YVJ;
				INFOPLIST_FILE = "I Am Poor/Info.plist";
				LD_RUNPATH_SEARCH_PATHS = (
					"$(inherited)",
					"@executable_path/Frameworks",
				);
				PRODUCT_BUNDLE_IDENTIFIER = "dec.cloudis.I-Am-Poor";
				PRODUCT_NAME = "$(TARGET_NAME)";
				SWIFT_VERSION = 5.0;
				TARGETED_DEVICE_FAMILY = "1,2";
			};
			name = Debug;
		};
		F4AB0594241B8ACC00FADC99 /* Release */ = {
			isa = XCBuildConfiguration;
			buildSettings = {
				ASSETCATALOG_COMPILER_APPICON_NAME = AppIcon;
				CODE_SIGN_STYLE = Automatic;
				DEVELOPMENT_TEAM = Q3TXTB8YVJ;
				INFOPLIST_FILE = "I Am Poor/Info.plist";
				LD_RUNPATH_SEARCH_PATHS = (
					"$(inherited)",
					"@executable_path/Frameworks",
				);
				PRODUCT_BUNDLE_IDENTIFIER = "dec.cloudis.I-Am-Poor";
				PRODUCT_NAME = "$(TARGET_NAME)";
				SWIFT_VERSION = 5.0;
				TARGETED_DEVICE_FAMILY = "1,2";
			};
			name = Release;
		};
		F4AB0596241B8ACC00FADC99 /* Debug */ = {
			isa = XCBuildConfiguration;
			buildSettings = {
				ALWAYS_EMBED_SWIFT_STANDARD_LIBRARIES = YES;
				BUNDLE_LOADER = "$(TEST_HOST)";
				CODE_SIGN_STYLE = Automatic;
				DEVELOPMENT_TEAM = Q3TXTB8YVJ;
				INFOPLIST_FILE = "I Am PoorTests/Info.plist";
				IPHONEOS_DEPLOYMENT_TARGET = 13.2;
				LD_RUNPATH_SEARCH_PATHS = (
					"$(inherited)",
					"@executable_path/Frameworks",
					"@loader_path/Frameworks",
				);
				PRODUCT_BUNDLE_IDENTIFIER = "dec.cloudis.I-Am-PoorTests";
				PRODUCT_NAME = "$(TARGET_NAME)";
				SWIFT_VERSION = 5.0;
				TARGETED_DEVICE_FAMILY = "1,2";
				TEST_HOST = "$(BUILT_PRODUCTS_DIR)/I Am Poor.app/I Am Poor";
			};
			name = Debug;
		};
		F4AB0597241B8ACC00FADC99 /* Release */ = {
			isa = XCBuildConfiguration;
			buildSettings = {
				ALWAYS_EMBED_SWIFT_STANDARD_LIBRARIES = YES;
				BUNDLE_LOADER = "$(TEST_HOST)";
				CODE_SIGN_STYLE = Automatic;
				DEVELOPMENT_TEAM = Q3TXTB8YVJ;
				INFOPLIST_FILE = "I Am PoorTests/Info.plist";
				IPHONEOS_DEPLOYMENT_TARGET = 13.2;
				LD_RUNPATH_SEARCH_PATHS = (
					"$(inherited)",
					"@executable_path/Frameworks",
					"@loader_path/Frameworks",
				);
				PRODUCT_BUNDLE_IDENTIFIER = "dec.cloudis.I-Am-PoorTests";
				PRODUCT_NAME = "$(TARGET_NAME)";
				SWIFT_VERSION = 5.0;
				TARGETED_DEVICE_FAMILY = "1,2";
				TEST_HOST = "$(BUILT_PRODUCTS_DIR)/I Am Poor.app/I Am Poor";
			};
			name = Release;
		};
		F4AB0599241B8ACC00FADC99 /* Debug */ = {
			isa = XCBuildConfiguration;
			buildSettings = {
				ALWAYS_EMBED_SWIFT_STANDARD_LIBRARIES = YES;
				CODE_SIGN_STYLE = Automatic;
				DEVELOPMENT_TEAM = Q3TXTB8YVJ;
				INFOPLIST_FILE = "I Am PoorUITests/Info.plist";
				LD_RUNPATH_SEARCH_PATHS = (
					"$(inherited)",
					"@executable_path/Frameworks",
					"@loader_path/Frameworks",
				);
				PRODUCT_BUNDLE_IDENTIFIER = "dec.cloudis.I-Am-PoorUITests";
				PRODUCT_NAME = "$(TARGET_NAME)";
				SWIFT_VERSION = 5.0;
				TARGETED_DEVICE_FAMILY = "1,2";
				TEST_TARGET_NAME = "I Am Poor";
			};
			name = Debug;
		};
		F4AB059A241B8ACC00FADC99 /* Release */ = {
			isa = XCBuildConfiguration;
			buildSettings = {
				ALWAYS_EMBED_SWIFT_STANDARD_LIBRARIES = YES;
				CODE_SIGN_STYLE = Automatic;
				DEVELOPMENT_TEAM = Q3TXTB8YVJ;
				INFOPLIST_FILE = "I Am PoorUITests/Info.plist";
				LD_RUNPATH_SEARCH_PATHS = (
					"$(inherited)",
					"@executable_path/Frameworks",
					"@loader_path/Frameworks",
				);
				PRODUCT_BUNDLE_IDENTIFIER = "dec.cloudis.I-Am-PoorUITests";
				PRODUCT_NAME = "$(TARGET_NAME)";
				SWIFT_VERSION = 5.0;
				TARGETED_DEVICE_FAMILY = "1,2";
				TEST_TARGET_NAME = "I Am Poor";
			};
			name = Release;
		};
/* End XCBuildConfiguration section */

/* Begin XCConfigurationList section */
		F4AB0563241B8ACA00FADC99 /* Build configuration list for PBXProject "I Am Poor" */ = {
			isa = XCConfigurationList;
			buildConfigurations = (
				F4AB0590241B8ACC00FADC99 /* Debug */,
				F4AB0591241B8ACC00FADC99 /* Release */,
			);
			defaultConfigurationIsVisible = 0;
			defaultConfigurationName = Release;
		};
		F4AB0592241B8ACC00FADC99 /* Build configuration list for PBXNativeTarget "I Am Poor" */ = {
			isa = XCConfigurationList;
			buildConfigurations = (
				F4AB0593241B8ACC00FADC99 /* Debug */,
				F4AB0594241B8ACC00FADC99 /* Release */,
			);
			defaultConfigurationIsVisible = 0;
			defaultConfigurationName = Release;
		};
		F4AB0595241B8ACC00FADC99 /* Build configuration list for PBXNativeTarget "I Am PoorTests" */ = {
			isa = XCConfigurationList;
			buildConfigurations = (
				F4AB0596241B8ACC00FADC99 /* Debug */,
				F4AB0597241B8ACC00FADC99 /* Release */,
			);
			defaultConfigurationIsVisible = 0;
			defaultConfigurationName = Release;
		};
		F4AB0598241B8ACC00FADC99 /* Build configuration list for PBXNativeTarget "I Am PoorUITests" */ = {
			isa = XCConfigurationList;
			buildConfigurations = (
				F4AB0599241B8ACC00FADC99 /* Debug */,
				F4AB059A241B8ACC00FADC99 /* Release */,
			);
			defaultConfigurationIsVisible = 0;
			defaultConfigurationName = Release;
		};
/* End XCConfigurationList section */
	};
	rootObject = F4AB0560241B8ACA00FADC99 /* Project object */;
}
